
Microsoft Visual Studio Solution File, Format Version 12.00
# Visual Studio Version 16
VisualStudioVersion = 16.0.31702.278
MinimumVisualStudioVersion = 10.0.40219.1
Project("{9A19103F-16F7-4668-BE54-9A1E7A4F7556}") = "IOT-ArduinoDashboard", "IOT-ArduinoDashboard\IOT-ArduinoDashboard.csproj", "{5FB663DD-90A3-4F02-AF39-29CAEF854F63}"
EndProject
Project("{9A19103F-16F7-4668-BE54-9A1E7A4F7556}") = "ArduinoIOTLibrary", "ArduinoIOT-Library\ArduinoIOTLibrary.csproj", "{F065D304-2D6B-42EC-9791-89D246406EA8}"
EndProject
Global
	GlobalSection(SolutionConfigurationPlatforms) = preSolution
		Debug|Any CPU = Debug|Any CPU
		Release|Any CPU = Release|Any CPU
	EndGlobalSection
	GlobalSection(ProjectConfigurationPlatforms) = postSolution
		{5FB663DD-90A3-4F02-AF39-29CAEF854F63}.Debug|Any CPU.ActiveCfg = Debug|Any CPU
		{5FB663DD-90A3-4F02-AF39-29CAEF854F63}.Debug|Any CPU.Build.0 = Debug|Any CPU
		{5FB663DD-90A3-4F02-AF39-29CAEF854F63}.Release|Any CPU.ActiveCfg = Release|Any CPU
		{5FB663DD-90A3-4F02-AF39-29CAEF854F63}.Release|Any CPU.Build.0 = Release|Any CPU
		{F065D304-2D6B-42EC-9791-89D246406EA8}.Debug|Any CPU.ActiveCfg = Debug|Any CPU
		{F065D304-2D6B-42EC-9791-89D246406EA8}.Debug|Any CPU.Build.0 = Debug|Any CPU
		{F065D304-2D6B-42EC-9791-89D246406EA8}.Release|Any CPU.ActiveCfg = Release|Any CPU
		{F065D304-2D6B-42EC-9791-89D246406EA8}.Release|Any CPU.Build.0 = Release|Any CPU
	EndGlobalSection
	GlobalSection(SolutionProperties) = preSolution
		HideSolutionNode = FALSE
	EndGlobalSection
	GlobalSection(ExtensibilityGlobals) = postSolution
		SolutionGuid = {442BCCB3-A4F1-4676-A674-6041837ABE12}
	EndGlobalSection
EndGlobal
